
Microsoft Visual Studio Solution File, Format Version 12.00
# Visual Studio Version 17
VisualStudioVersion = 17.9.34728.123
MinimumVisualStudioVersion = 10.0.40219.1
Project("{FAE04EC0-301F-11D3-BF4B-00C04F79EFBC}") = "TaskManager", "TaskManager\TaskManager.csproj", "{B67886C4-B271-4BEA-9B19-005C7CC090F7}"
EndProject
Global
	GlobalSection(SolutionConfigurationPlatforms) = preSolution
		Debug|Any CPU = Debug|Any CPU
		Release|Any CPU = Release|Any CPU
	EndGlobalSection
	GlobalSection(ProjectConfigurationPlatforms) = postSolution
		{B67886C4-B271-4BEA-9B19-005C7CC090F7}.Debug|Any CPU.ActiveCfg = Debug|Any CPU
		{B67886C4-B271-4BEA-9B19-005C7CC090F7}.Debug|Any CPU.Build.0 = Debug|Any CPU
		{B67886C4-B271-4BEA-9B19-005C7CC090F7}.Release|Any CPU.ActiveCfg = Release|Any CPU
		{B67886C4-B271-4BEA-9B19-005C7CC090F7}.Release|Any CPU.Build.0 = Release|Any CPU
	EndGlobalSection
	GlobalSection(SolutionProperties) = preSolution
		HideSolutionNode = FALSE
	EndGlobalSection
	GlobalSection(ExtensibilityGlobals) = postSolution
		SolutionGuid = {0F0EDDC2-99A1-40DE-874A-9641624D7E76}
	EndGlobalSection
EndGlobal
